
Microsoft Visual Studio Solution File, Format Version 12.00
# Visual Studio Version 17
VisualStudioVersion = 17.14.36401.2 d17.14
MinimumVisualStudioVersion = 10.0.40219.1
Project("{FAE04EC0-301F-11D3-BF4B-00C04F79EFBC}") = "SqlDesigner.Api", "SqlDesigner.Api\SqlDesigner.Api.csproj", "{CC3E0CEA-B832-4100-AD2E-93245B5779E4}"
EndProject
Global
	GlobalSection(SolutionConfigurationPlatforms) = preSolution
		Debug|Any CPU = Debug|Any CPU
		Release|Any CPU = Release|Any CPU
	EndGlobalSection
	GlobalSection(ProjectConfigurationPlatforms) = postSolution
		{CC3E0CEA-B832-4100-AD2E-93245B5779E4}.Debug|Any CPU.ActiveCfg = Debug|Any CPU
		{CC3E0CEA-B832-4100-AD2E-93245B5779E4}.Debug|Any CPU.Build.0 = Debug|Any CPU
		{CC3E0CEA-B832-4100-AD2E-93245B5779E4}.Release|Any CPU.ActiveCfg = Release|Any CPU
		{CC3E0CEA-B832-4100-AD2E-93245B5779E4}.Release|Any CPU.Build.0 = Release|Any CPU
	EndGlobalSection
	GlobalSection(SolutionProperties) = preSolution
		HideSolutionNode = FALSE
	EndGlobalSection
	GlobalSection(ExtensibilityGlobals) = postSolution
		SolutionGuid = {5133CEA0-378C-4057-9880-C3C8DBF43510}
	EndGlobalSection
EndGlobal
